
Microsoft Visual Studio Solution File, Format Version 12.00
# Visual Studio 15
VisualStudioVersion = 15.0.28010.2016
MinimumVisualStudioVersion = 10.0.40219.1
Project("{FAE04EC0-301F-11D3-BF4B-00C04F79EFBC}") = "RaceRegQuickExample", "RaceRegQuickExample\RaceRegQuickExample.csproj", "{17D29505-7C92-44C6-BBDA-14FD2CF78B82}"
EndProject
Project("{FAE04EC0-301F-11D3-BF4B-00C04F79EFBC}") = "Tests", "Tests\Tests.csproj", "{B6E93421-A455-4118-B3D6-44E359035D7A}"
EndProject
Global
	GlobalSection(SolutionConfigurationPlatforms) = preSolution
		Debug|Any CPU = Debug|Any CPU
		Release|Any CPU = Release|Any CPU
	EndGlobalSection
	GlobalSection(ProjectConfigurationPlatforms) = postSolution
		{17D29505-7C92-44C6-BBDA-14FD2CF78B82}.Debug|Any CPU.ActiveCfg = Debug|Any CPU
		{17D29505-7C92-44C6-BBDA-14FD2CF78B82}.Debug|Any CPU.Build.0 = Debug|Any CPU
		{17D29505-7C92-44C6-BBDA-14FD2CF78B82}.Release|Any CPU.ActiveCfg = Release|Any CPU
		{17D29505-7C92-44C6-BBDA-14FD2CF78B82}.Release|Any CPU.Build.0 = Release|Any CPU
		{B6E93421-A455-4118-B3D6-44E359035D7A}.Debug|Any CPU.ActiveCfg = Debug|Any CPU
		{B6E93421-A455-4118-B3D6-44E359035D7A}.Debug|Any CPU.Build.0 = Debug|Any CPU
		{B6E93421-A455-4118-B3D6-44E359035D7A}.Release|Any CPU.ActiveCfg = Release|Any CPU
		{B6E93421-A455-4118-B3D6-44E359035D7A}.Release|Any CPU.Build.0 = Release|Any CPU
	EndGlobalSection
	GlobalSection(SolutionProperties) = preSolution
		HideSolutionNode = FALSE
	EndGlobalSection
	GlobalSection(ExtensibilityGlobals) = postSolution
		SolutionGuid = {831576CF-706A-40B3-885E-12A43D755D44}
	EndGlobalSection
EndGlobal
